<?xml version="1.0" encoding="utf-8"?>
<Project ToolsVersion="4.0" xmlns="http://schemas.microsoft.com/developer/msbuild/2003">
  <ItemGroup>
    <Filter Include="Archivos de origen">
      <UniqueIdentifier>{4FC737F1-C7A5-4376-A066-2A32D752A2FF}</UniqueIdentifier>
      <Extensions>cpp;c;cc;cxx;c++;cppm;ixx;def;odl;idl;hpj;bat;asm;asmx</Extensions>
    </Filter>
    <Filter Include="Archivos de encabezado">
      <UniqueIdentifier>{93995380-89BD-4b04-88EB-625FBE52EBFB}</UniqueIdentifier>
      <Extensions>h;hh;hpp;hxx;h++;hm;inl;inc;ipp;xsd</Extensions>
    </Filter>
    <Filter Include="Archivos de recursos">
      <UniqueIdentifier>{67DA6AB6-F800-4c08-8B7A-83BB121AAD01}</UniqueIdentifier>
      <Extensions>rc;ico;cur;bmp;dlg;rc2;rct;bin;rgs;gif;jpg;jpeg;jpe;resx;tiff;tif;png;wav;mfcribbon-ms</Extensions>
    </Filter>
    <Filter Include="Input">
      <UniqueIdentifier>{7b8c6191-3eb1-46af-aa92-f306ee0d4324}</UniqueIdentifier>
    </Filter>
    <Filter Include="Window">
      <UniqueIdentifier>{bf25809d-fb52-4743-8b4b-4f0f89cfd8c7}</UniqueIdentifier>
    </Filter>
    <Filter Include="Renderer">
      <UniqueIdentifier>{3d9ee844-bdfb-45a0-8711-ce9e69675ee3}</UniqueIdentifier>
    </Filter>
    <Filter Include="Shaders">
      <UniqueIdentifier>{b937318a-6dd3-47e3-b728-80bfe8f748bd}</UniqueIdentifier>
    </Filter>
    <Filter Include="Renderer\Entity">
      <UniqueIdentifier>{36c6d989-cb8b-4291-8171-c3c3d63115be}</UniqueIdentifier>
    </Filter>
    <Filter Include="Renderer\Entity\Entity2D">
      <UniqueIdentifier>{bc594b4e-8310-4e7a-87ac-7e167a20d9be}</UniqueIdentifier>
    </Filter>
    <Filter Include="Renderer\Entity\Entity2D\Shape">
      <UniqueIdentifier>{d9565981-9795-40a4-9ee5-7060ee7ca786}</UniqueIdentifier>
    </Filter>
    <Filter Include="Renderer\Entity\Entity2D\Sprite">
      <UniqueIdentifier>{4a1e2265-e4e1-45c4-b6f6-3c667d6964c1}</UniqueIdentifier>
    </Filter>
    <Filter Include="Renderer\Entity\Entity2D\Tile">
      <UniqueIdentifier>{739201bc-4c68-45bf-ac2a-a09734a70f88}</UniqueIdentifier>
    </Filter>
  </ItemGroup>
  <ItemGroup>
    <ClCompile Include="BaseGame.cpp">
      <Filter>Archivos de origen</Filter>
    </ClCompile>
    <ClCompile Include="Input.cpp">
      <Filter>Input</Filter>
    </ClCompile>
    <ClCompile Include="Window.cpp">
      <Filter>Window</Filter>
    </ClCompile>
    <ClCompile Include="Renderer\Renderer.cpp">
      <Filter>Renderer</Filter>
    </ClCompile>
    <ClCompile Include="Renderer\Entity\Entity.cpp">
      <Filter>Renderer\Entity</Filter>
    </ClCompile>
    <ClCompile Include="Renderer\Entity\Entity2D\Shape\Shape.cpp">
      <Filter>Renderer\Entity\Entity2D\Shape</Filter>
    </ClCompile>
    <ClCompile Include="Renderer\Entity\Entity2D\Entity2D.cpp">
      <Filter>Renderer\Entity\Entity2D</Filter>
    </ClCompile>
    <ClCompile Include="Renderer\Entity\Entity2D\Sprite\Sprite.cpp">
      <Filter>Renderer\Entity\Entity2D\Sprite</Filter>
    </ClCompile>
    <ClCompile Include="Renderer\Entity\Entity2D\Tile\Tile.cpp">
      <Filter>Renderer\Entity\Entity2D\Tile</Filter>
    </ClCompile>
  </ItemGroup>
  <ItemGroup>
    <ClInclude Include="Window.h">
      <Filter>Window</Filter>
    </ClInclude>
    <ClInclude Include="Renderer\Renderer.h">
      <Filter>Renderer</Filter>
    </ClInclude>
    <ClInclude Include="Input.h">
      <Filter>Input</Filter>
    </ClInclude>
    <ClInclude Include="BaseGame.h">
      <Filter>Archivos de origen</Filter>
    </ClInclude>
    <ClInclude Include="Renderer\Entity\Entity.h">
      <Filter>Renderer\Entity</Filter>
    </ClInclude>
    <ClInclude Include="Renderer\Entity\Entity2D\Shape\Shape.h">
      <Filter>Renderer\Entity\Entity2D\Shape</Filter>
    </ClInclude>
    <ClInclude Include="Renderer\Entity\Entity2D\Entity2D.h">
      <Filter>Renderer\Entity\Entity2D</Filter>
    </ClInclude>
    <ClInclude Include="Renderer\Entity\Entity2D\Sprite\Sprite.h">
      <Filter>Renderer\Entity\Entity2D\Sprite</Filter>
    </ClInclude>
    <ClInclude Include="Renderer\Entity\Entity2D\Tile\Tile.h">
      <Filter>Renderer\Entity\Entity2D\Tile</Filter>
    </ClInclude>
    <ClInclude Include="Renderer\Shader\Shader.h">
      <Filter>Archivos de encabezado</Filter>
    </ClInclude>
  </ItemGroup>
  <ItemGroup>
    <None Include="Renderer\Shader\Basic.shader" />
  </ItemGroup>
</Project>